# This file is automatically @generated by Cargo.
# It is not intended for manual editing.
version = 4

[[package]]
name = "abl-exorcist-assembler"
version = "0.0.1"
dependencies = [
 "lz4_flex",
]

[[package]]
name = "ablx-no-std-consumer"
version = "0.0.0"
dependencies = [
 "abl-exorcist-assembler",
]

[[package]]
name = "lz4_flex"
version = "0.12.2"
source = "registry+https://github.com/rust-lang/crates.io-index"
checksum = "90071f8077f8e40adfc4b7fe9cd495ce316263f19e75c2211eeff3fdf475a3d9"
